// !$*UTF8*$!
{
	archiveVersion = 1;
	classes = {
	};
	objectVersion = 46;
	objects = {

/* Begin PBXBuildFile section */
		AC2239421E89C8ED005761D9 /* AppDelegate.swift in Sources */ = {isa = PBXBuildFile; fileRef = AC2239411E89C8ED005761D9 /* AppDelegate.swift */; };
		AC2239441E89C8ED005761D9 /* ViewController.swift in Sources */ = {isa = PBXBuildFile; fileRef = AC2239431E89C8ED005761D9 /* ViewController.swift */; };
		AC2239471E89C8ED005761D9 /* Main.storyboard in Resources */ = {isa = PBXBuildFile; fileRef = AC2239451E89C8ED005761D9 /* Main.storyboard */; };
		AC2239491E89C8ED005761D9 /* Assets.xcassets in Resources */ = {isa = PBXBuildFile; fileRef = AC2239481E89C8ED005761D9 /* Assets.xcassets */; };
		AC22394C1E89C8ED005761D9 /* LaunchScreen.storyboard in Resources */ = {isa = PBXBuildFile; fileRef = AC22394A1E89C8ED005761D9 /* LaunchScreen.storyboard */; };
		AC2239541E89C94F005761D9 /* CarsTableViewController.swift in Sources */ = {isa = PBXBuildFile; fileRef = AC2239531E89C94F005761D9 /* CarsTableViewController.swift */; };
		AC99E5521F85993700C1CB99 /* Car.swift in Sources */ = {isa = PBXBuildFile; fileRef = AC99E5511F85993700C1CB99 /* Car.swift */; };
		AC99E5541F859A3F00C1CB99 /* REST.swift in Sources */ = {isa = PBXBuildFile; fileRef = AC99E5531F859A3F00C1CB99 /* REST.swift */; };
/* End PBXBuildFile section */

/* Begin PBXFileReference section */
		AC22393E1E89C8ED005761D9 /* Cars.app */ = {isa = PBXFileReference; explicitFileType = wrapper.application; includeInIndex = 0; path = Cars.app; sourceTree = BUILT_PRODUCTS_DIR; };
		AC2239411E89C8ED005761D9 /* AppDelegate.swift */ = {isa = PBXFileReference; lastKnownFileType = sourcecode.swift; path = AppDelegate.swift; sourceTree = "<group>"; };
		AC2239431E89C8ED005761D9 /* ViewController.swift */ = {isa = PBXFileReference; lastKnownFileType = sourcecode.swift; path = ViewController.swift; sourceTree = "<group>"; };
		AC2239461E89C8ED005761D9 /* Base */ = {isa = PBXFileReference; lastKnownFileType = file.storyboard; name = Base; path = Base.lproj/Main.storyboard; sourceTree = "<group>"; };
		AC2239481E89C8ED005761D9 /* Assets.xcassets */ = {isa = PBXFileReference; lastKnownFileType = folder.assetcatalog; path = Assets.xcassets; sourceTree = "<group>"; };
		AC22394B1E89C8ED005761D9 /* Base */ = {isa = PBXFileReference; lastKnownFileType = file.storyboard; name = Base; path = Base.lproj/LaunchScreen.storyboard; sourceTree = "<group>"; };
		AC22394D1E89C8ED005761D9 /* Info.plist */ = {isa = PBXFileReference; lastKnownFileType = text.plist.xml; path = Info.plist; sourceTree = "<group>"; };
		AC2239531E89C94F005761D9 /* CarsTableViewController.swift */ = {isa = PBXFileReference; fileEncoding = 4; lastKnownFileType = sourcecode.swift; path = CarsTableViewController.swift; sourceTree = "<group>"; };
		AC99E5511F85993700C1CB99 /* Car.swift */ = {isa = PBXFileReference; fileEncoding = 4; lastKnownFileType = sourcecode.swift; name = Car.swift; path = ../Car.swift; sourceTree = "<group>"; };
		AC99E5531F859A3F00C1CB99 /* REST.swift */ = {isa = PBXFileReference; fileEncoding = 4; lastKnownFileType = sourcecode.swift; name = REST.swift; path = ../REST.swift; sourceTree = "<group>"; };
/* End PBXFileReference section */

/* Begin PBXFrameworksBuildPhase section */
		AC22393B1E89C8EC005761D9 /* Frameworks */ = {
			isa = PBXFrameworksBuildPhase;
			buildActionMask = 2147483647;
			files = (
			);
			runOnlyForDeploymentPostprocessing = 0;
		};
/* End PBXFrameworksBuildPhase section */

/* Begin PBXGroup section */
		AC2239351E89C8EC005761D9 = {
			isa = PBXGroup;
			children = (
				AC2239401E89C8ED005761D9 /* Cars */,
				AC22393F1E89C8ED005761D9 /* Products */,
			);
			sourceTree = "<group>";
		};
		AC22393F1E89C8ED005761D9 /* Products */ = {
			isa = PBXGroup;
			children = (
				AC22393E1E89C8ED005761D9 /* Cars.app */,
			);
			name = Products;
			sourceTree = "<group>";
		};
		AC2239401E89C8ED005761D9 /* Cars */ = {
			isa = PBXGroup;
			children = (
				AC99E5531F859A3F00C1CB99 /* REST.swift */,
				AC99E5511F85993700C1CB99 /* Car.swift */,
				AC2239411E89C8ED005761D9 /* AppDelegate.swift */,
				AC2239531E89C94F005761D9 /* CarsTableViewController.swift */,
				AC2239431E89C8ED005761D9 /* ViewController.swift */,
				AC2239451E89C8ED005761D9 /* Main.storyboard */,
				AC2239481E89C8ED005761D9 /* Assets.xcassets */,
				AC22394A1E89C8ED005761D9 /* LaunchScreen.storyboard */,
				AC22394D1E89C8ED005761D9 /* Info.plist */,
			);
			path = Cars;
			sourceTree = "<group>";
		};
/* End PBXGroup section */

/* Begin PBXNativeTarget section */
		AC22393D1E89C8EC005761D9 /* Cars */ = {
			isa = PBXNativeTarget;
			buildConfigurationList = AC2239501E89C8ED005761D9 /* Build configuration list for PBXNativeTarget "Cars" */;
			buildPhases = (
				AC22393A1E89C8EC005761D9 /* Sources */,
				AC22393B1E89C8EC005761D9 /* Frameworks */,
				AC22393C1E89C8EC005761D9 /* Resources */,
			);
			buildRules = (
			);
			dependencies = (
			);
			name = Cars;
			productName = Cars;
			productReference = AC22393E1E89C8ED005761D9 /* Cars.app */;
			productType = "com.apple.product-type.application";
		};
/* End PBXNativeTarget section */

/* Begin PBXProject section */
		AC2239361E89C8EC005761D9 /* Project object */ = {
			isa = PBXProject;
			attributes = {
				LastSwiftUpdateCheck = 0820;
				LastUpgradeCheck = 0820;
				ORGANIZATIONNAME = FIAP;
				TargetAttributes = {
					AC22393D1E89C8EC005761D9 = {
						CreatedOnToolsVersion = 8.2.1;
						DevelopmentTeam = W9ZU5QNY6L;
						ProvisioningStyle = Automatic;
					};
				};
			};
			buildConfigurationList = AC2239391E89C8EC005761D9 /* Build configuration list for PBXProject "Cars" */;
			compatibilityVersion = "Xcode 3.2";
			developmentRegion = English;
			hasScannedForEncodings = 0;
			knownRegions = (
				en,
				Base,
			);
			mainGroup = AC2239351E89C8EC005761D9;
			productRefGroup = AC22393F1E89C8ED005761D9 /* Products */;
			projectDirPath = "";
			projectRoot = "";
			targets = (
				AC22393D1E89C8EC005761D9 /* Cars */,
			);
		};
/* End PBXProject section */

/* Begin PBXResourcesBuildPhase section */
		AC22393C1E89C8EC005761D9 /* Resources */ = {
			isa = PBXResourcesBuildPhase;
			buildActionMask = 2147483647;
			files = (
				AC22394C1E89C8ED005761D9 /* LaunchScreen.storyboard in Resources */,
				AC2239491E89C8ED005761D9 /* Assets.xcassets in Resources */,
				AC2239471E89C8ED005761D9 /* Main.storyboard in Resources */,
			);
			runOnlyForDeploymentPostprocessing = 0;
		};
/* End PBXResourcesBuildPhase section */

/* Begin PBXSourcesBuildPhase section */
		AC22393A1E89C8EC005761D9 /* Sources */ = {
			isa = PBXSourcesBuildPhase;
			buildActionMask = 2147483647;
			files = (
				AC2239441E89C8ED005761D9 /* ViewController.swift in Sources */,
				AC2239541E89C94F005761D9 /* CarsTableViewController.swift in Sources */,
				AC99E5521F85993700C1CB99 /* Car.swift in Sources */,
				AC99E5541F859A3F00C1CB99 /* REST.swift in Sources */,
				AC2239421E89C8ED005761D9 /* AppDelegate.swift in Sources */,
			);
			runOnlyForDeploymentPostprocessing = 0;
		};
/* End PBXSourcesBuildPhase section */

/* Begin PBXVariantGroup section */
		AC2239451E89C8ED005761D9 /* Main.storyboard */ = {
			isa = PBXVariantGroup;
			children = (
				AC2239461E89C8ED005761D9 /* Base */,
			);
			name = Main.storyboard;
			sourceTree = "<group>";
		};
		AC22394A1E89C8ED005761D9 /* LaunchScreen.storyboard */ = {
			isa = PBXVariantGroup;
			children = (
				AC22394B1E89C8ED005761D9 /* Base */,
			);
			name = LaunchScreen.storyboard;
			sourceTree = "<group>";
		};
/* End PBXVariantGroup section */

/* Begin XCBuildConfiguration section */
		AC22394E1E89C8ED005761D9 /* Debug */ = {
			isa = XCBuildConfiguration;
			buildSettings = {
				ALWAYS_SEARCH_USER_PATHS = NO;
				CLANG_ANALYZER_NONNULL = YES;
				CLANG_CXX_LANGUAGE_STANDARD = "gnu++0x";
				CLANG_CXX_LIBRARY = "libc++";
				CLANG_ENABLE_MODULES = YES;
				CLANG_ENABLE_OBJC_ARC = YES;
				CLANG_WARN_BOOL_CONVERSION = YES;
				CLANG_WARN_CONSTANT_CONVERSION = YES;
				CLANG_WARN_DIRECT_OBJC_ISA_USAGE = YES_ERROR;
				CLANG_WARN_DOCUMENTATION_COMMENTS = YES;
				CLANG_WARN_EMPTY_BODY = YES;
				CLANG_WARN_ENUM_CONVERSION = YES;
				CLANG_WARN_INFINITE_RECURSION = YES;
				CLANG_WARN_INT_CONVERSION = YES;
				CLANG_WARN_OBJC_ROOT_CLASS = YES_ERROR;
				CLANG_WARN_SUSPICIOUS_MOVE = YES;
				CLANG_WARN_UNREACHABLE_CODE = YES;
				CLANG_WARN__DUPLICATE_METHOD_MATCH = YES;
				"CODE_SIGN_IDENTITY[sdk=iphoneos*]" = "iPhone Developer";
				COPY_PHASE_STRIP = NO;
				DEBUG_INFORMATION_FORMAT = dwarf;
				ENABLE_STRICT_OBJC_MSGSEND = YES;
				ENABLE_TESTABILITY = YES;
				GCC_C_LANGUAGE_STANDARD = gnu99;
				GCC_DYNAMIC_NO_PIC = NO;
				GCC_NO_COMMON_BLOCKS = YES;
				GCC_OPTIMIZATION_LEVEL = 0;
				GCC_PREPROCESSOR_DEFINITIONS = (
					"DEBUG=1",
					"$(inherited)",
				);
				GCC_WARN_64_TO_32_BIT_CONVERSION = YES;
				GCC_WARN_ABOUT_RETURN_TYPE = YES_ERROR;
				GCC_WARN_UNDECLARED_SELECTOR = YES;
				GCC_WARN_UNINITIALIZED_AUTOS = YES_AGGRESSIVE;
				GCC_WARN_UNUSED_FUNCTION = YES;
				GCC_WARN_UNUSED_VARIABLE = YES;
				IPHONEOS_DEPLOYMENT_TARGET = 10.2;
				MTL_ENABLE_DEBUG_INFO = YES;
				ONLY_ACTIVE_ARCH = YES;
				SDKROOT = iphoneos;
				SWIFT_ACTIVE_COMPILATION_CONDITIONS = DEBUG;
				SWIFT_OPTIMIZATION_LEVEL = "-Onone";
				TARGETED_DEVICE_FAMILY = "1,2";
			};
			name = Debug;
		};
		AC22394F1E89C8ED005761D9 /* Release */ = {
			isa = XCBuildConfiguration;
			buildSettings = {
				ALWAYS_SEARCH_USER_PATHS = NO;
				CLANG_ANALYZER_NONNULL = YES;
				CLANG_CXX_LANGUAGE_STANDARD = "gnu++0x";
				CLANG_CXX_LIBRARY = "libc++";
				CLANG_ENABLE_MODULES = YES;
				CLANG_ENABLE_OBJC_ARC = YES;
				CLANG_WARN_BOOL_CONVERSION = YES;
				CLANG_WARN_CONSTANT_CONVERSION = YES;
				CLANG_WARN_DIRECT_OBJC_ISA_USAGE = YES_ERROR;
				CLANG_WARN_DOCUMENTATION_COMMENTS = YES;
				CLANG_WARN_EMPTY_BODY = YES;
				CLANG_WARN_ENUM_CONVERSION = YES;
				CLANG_WARN_INFINITE_RECURSION = YES;
				CLANG_WARN_INT_CONVERSION = YES;
				CLANG_WARN_OBJC_ROOT_CLASS = YES_ERROR;
				CLANG_WARN_SUSPICIOUS_MOVE = YES;
				CLANG_WARN_UNREACHABLE_CODE = YES;
				CLANG_WARN__DUPLICATE_METHOD_MATCH = YES;
				"CODE_SIGN_IDENTITY[sdk=iphoneos*]" = "iPhone Developer";
				COPY_PHASE_STRIP = NO;
				DEBUG_INFORMATION_FORMAT = "dwarf-with-dsym";
				ENABLE_NS_ASSERTIONS = NO;
				ENABLE_STRICT_OBJC_MSGSEND = YES;
				GCC_C_LANGUAGE_STANDARD = gnu99;
				GCC_NO_COMMON_BLOCKS = YES;
				GCC_WARN_64_TO_32_BIT_CONVERSION = YES;
				GCC_WARN_ABOUT_RETURN_TYPE = YES_ERROR;
				GCC_WARN_UNDECLARED_SELECTOR = YES;
				GCC_WARN_UNINITIALIZED_AUTOS = YES_AGGRESSIVE;
				GCC_WARN_UNUSED_FUNCTION = YES;
				GCC_WARN_UNUSED_VARIABLE = YES;
				IPHONEOS_DEPLOYMENT_TARGET = 10.2;
				MTL_ENABLE_DEBUG_INFO = NO;
				SDKROOT = iphoneos;
				SWIFT_OPTIMIZATION_LEVEL = "-Owholemodule";
				TARGETED_DEVICE_FAMILY = "1,2";
				VALIDATE_PRODUCT = YES;
			};
			name = Release;
		};
		AC2239511E89C8ED005761D9 /* Debug */ = {
			isa = XCBuildConfiguration;
			buildSettings = {
				ASSETCATALOG_COMPILER_APPICON_NAME = AppIcon;
				DEVELOPMENT_TEAM = W9ZU5QNY6L;
				INFOPLIST_FILE = Cars/Info.plist;
				LD_RUNPATH_SEARCH_PATHS = "$(inherited) @executable_path/Frameworks";
				PRODUCT_BUNDLE_IDENTIFIER = br.com.rafaelarnosti.Cars;
				PRODUCT_NAME = "$(TARGET_NAME)";
				SWIFT_VERSION = 3.0;
			};
			name = Debug;
		};
		AC2239521E89C8ED005761D9 /* Release */ = {
			isa = XCBuildConfiguration;
			buildSettings = {
				ASSETCATALOG_COMPILER_APPICON_NAME = AppIcon;
				DEVELOPMENT_TEAM = W9ZU5QNY6L;
				INFOPLIST_FILE = Cars/Info.plist;
				LD_RUNPATH_SEARCH_PATHS = "$(inherited) @executable_path/Frameworks";
				PRODUCT_BUNDLE_IDENTIFIER = br.com.rafaelarnosti.Cars;
				PRODUCT_NAME = "$(TARGET_NAME)";
				SWIFT_VERSION = 3.0;
			};
			name = Release;
		};
/* End XCBuildConfiguration section */

/* Begin XCConfigurationList section */
		AC2239391E89C8EC005761D9 /* Build configuration list for PBXProject "Cars" */ = {
			isa = XCConfigurationList;
			buildConfigurations = (
				AC22394E1E89C8ED005761D9 /* Debug */,
				AC22394F1E89C8ED005761D9 /* Release */,
			);
			defaultConfigurationIsVisible = 0;
			defaultConfigurationName = Release;
		};
		AC2239501E89C8ED005761D9 /* Build configuration list for PBXNativeTarget "Cars" */ = {
			isa = XCConfigurationList;
			buildConfigurations = (
				AC2239511E89C8ED005761D9 /* Debug */,
				AC2239521E89C8ED005761D9 /* Release */,
			);
			defaultConfigurationIsVisible = 0;
			defaultConfigurationName = Release;
		};
/* End XCConfigurationList section */
	};
	rootObject = AC2239361E89C8EC005761D9 /* Project object */;
}
